
Microsoft Visual Studio Solution File, Format Version 12.00
# Visual Studio Version 17
VisualStudioVersion = 17.7.34031.279
MinimumVisualStudioVersion = 10.0.40219.1
Project("{9A19103F-16F7-4668-BE54-9A1E7A4F7556}") = "Event.Shared", "Event.Shared\Event.Shared.csproj", "{DA04C831-89F7-4546-9393-E21B0EA0EB04}"
EndProject
Project("{9A19103F-16F7-4668-BE54-9A1E7A4F7556}") = "Event.API", "Event.API\Event.API.csproj", "{A25273FB-7250-4A8F-A413-0F43DF15E209}"
EndProject
Project("{9A19103F-16F7-4668-BE54-9A1E7A4F7556}") = "Event.WEB", "Event.WEB\Event.WEB.csproj", "{96AB32EE-7784-47DD-B37C-F21CF0377F5F}"
EndProject
Global
	GlobalSection(SolutionConfigurationPlatforms) = preSolution
		Debug|Any CPU = Debug|Any CPU
		Release|Any CPU = Release|Any CPU
	EndGlobalSection
	GlobalSection(ProjectConfigurationPlatforms) = postSolution
		{DA04C831-89F7-4546-9393-E21B0EA0EB04}.Debug|Any CPU.ActiveCfg = Debug|Any CPU
		{DA04C831-89F7-4546-9393-E21B0EA0EB04}.Debug|Any CPU.Build.0 = Debug|Any CPU
		{DA04C831-89F7-4546-9393-E21B0EA0EB04}.Release|Any CPU.ActiveCfg = Release|Any CPU
		{DA04C831-89F7-4546-9393-E21B0EA0EB04}.Release|Any CPU.Build.0 = Release|Any CPU
		{A25273FB-7250-4A8F-A413-0F43DF15E209}.Debug|Any CPU.ActiveCfg = Debug|Any CPU
		{A25273FB-7250-4A8F-A413-0F43DF15E209}.Debug|Any CPU.Build.0 = Debug|Any CPU
		{A25273FB-7250-4A8F-A413-0F43DF15E209}.Release|Any CPU.ActiveCfg = Release|Any CPU
		{A25273FB-7250-4A8F-A413-0F43DF15E209}.Release|Any CPU.Build.0 = Release|Any CPU
		{96AB32EE-7784-47DD-B37C-F21CF0377F5F}.Debug|Any CPU.ActiveCfg = Debug|Any CPU
		{96AB32EE-7784-47DD-B37C-F21CF0377F5F}.Debug|Any CPU.Build.0 = Debug|Any CPU
		{96AB32EE-7784-47DD-B37C-F21CF0377F5F}.Release|Any CPU.ActiveCfg = Release|Any CPU
		{96AB32EE-7784-47DD-B37C-F21CF0377F5F}.Release|Any CPU.Build.0 = Release|Any CPU
	EndGlobalSection
	GlobalSection(SolutionProperties) = preSolution
		HideSolutionNode = FALSE
	EndGlobalSection
	GlobalSection(ExtensibilityGlobals) = postSolution
		SolutionGuid = {65DF092A-720B-4EA9-91C4-5A9D6E61D30F}
	EndGlobalSection
EndGlobal
